
Microsoft Visual Studio Solution File, Format Version 12.00
# Visual Studio 15
VisualStudioVersion = 15.0.28010.2016
MinimumVisualStudioVersion = 10.0.40219.1
Project("{2150E333-8FDC-42A3-9474-1A3956D46DE8}") = "1-UI", "1-UI", "{D434772A-E50D-4B4F-92CB-19BCDD3DE4AC}"
EndProject
Project("{2150E333-8FDC-42A3-9474-1A3956D46DE8}") = "2-Domain", "2-Domain", "{407DB2CF-07FE-42EF-B143-5E94D10841A9}"
EndProject
Project("{2150E333-8FDC-42A3-9474-1A3956D46DE8}") = "3-Infrastructure", "3-Infrastructure", "{3A9CA745-1FEC-409A-9542-2C1F1BF2F5EB}"
EndProject
Project("{FAE04EC0-301F-11D3-BF4B-00C04F79EFBC}") = "SGP.ApplicationCore", "SGP.ApplicationCore\SGP.ApplicationCore.csproj", "{C951E34B-68AA-46DA-B994-402650B6494F}"
EndProject
Project("{FAE04EC0-301F-11D3-BF4B-00C04F79EFBC}") = "SGP.Infrastructure", "SGP.Infrastructure\SGP.Infrastructure.csproj", "{4134A221-BB95-4BBE-8F66-8B61F3079DDA}"
EndProject
Global
	GlobalSection(SolutionConfigurationPlatforms) = preSolution
		Debug|Any CPU = Debug|Any CPU
		Release|Any CPU = Release|Any CPU
	EndGlobalSection
	GlobalSection(ProjectConfigurationPlatforms) = postSolution
		{C951E34B-68AA-46DA-B994-402650B6494F}.Debug|Any CPU.ActiveCfg = Debug|Any CPU
		{C951E34B-68AA-46DA-B994-402650B6494F}.Debug|Any CPU.Build.0 = Debug|Any CPU
		{C951E34B-68AA-46DA-B994-402650B6494F}.Release|Any CPU.ActiveCfg = Release|Any CPU
		{C951E34B-68AA-46DA-B994-402650B6494F}.Release|Any CPU.Build.0 = Release|Any CPU
		{4134A221-BB95-4BBE-8F66-8B61F3079DDA}.Debug|Any CPU.ActiveCfg = Debug|Any CPU
		{4134A221-BB95-4BBE-8F66-8B61F3079DDA}.Debug|Any CPU.Build.0 = Debug|Any CPU
		{4134A221-BB95-4BBE-8F66-8B61F3079DDA}.Release|Any CPU.ActiveCfg = Release|Any CPU
		{4134A221-BB95-4BBE-8F66-8B61F3079DDA}.Release|Any CPU.Build.0 = Release|Any CPU
	EndGlobalSection
	GlobalSection(SolutionProperties) = preSolution
		HideSolutionNode = FALSE
	EndGlobalSection
	GlobalSection(NestedProjects) = preSolution
		{C951E34B-68AA-46DA-B994-402650B6494F} = {407DB2CF-07FE-42EF-B143-5E94D10841A9}
		{4134A221-BB95-4BBE-8F66-8B61F3079DDA} = {3A9CA745-1FEC-409A-9542-2C1F1BF2F5EB}
	EndGlobalSection
	GlobalSection(ExtensibilityGlobals) = postSolution
		SolutionGuid = {D33EB64B-1ABC-48F5-BB2D-9E3FF617079E}
	EndGlobalSection
EndGlobal
